
Microsoft Visual Studio Solution File, Format Version 12.00
# Visual Studio Version 17
VisualStudioVersion = 17.0.31903.59
MinimumVisualStudioVersion = 10.0.40219.1
Project("{9A19103F-16F7-4668-BE54-9A1E7A4F7556}") = "ski-shop", "ski-shop\ski-shop.csproj", "{094B2391-CB6B-4773-B340-1D8067A0504A}"
EndProject
Project("{FAE04EC0-301F-11D3-BF4B-00C04F79EFBC}") = "ski-shop.Test", "ski-shop.Test\ski-shop.Test.csproj", "{46C001E8-14A9-4C70-92E8-6337D7514A87}"
EndProject
Global
	GlobalSection(SolutionConfigurationPlatforms) = preSolution
		Debug|Any CPU = Debug|Any CPU
		Release|Any CPU = Release|Any CPU
	EndGlobalSection
	GlobalSection(ProjectConfigurationPlatforms) = postSolution
		{094B2391-CB6B-4773-B340-1D8067A0504A}.Debug|Any CPU.ActiveCfg = Debug|Any CPU
		{094B2391-CB6B-4773-B340-1D8067A0504A}.Debug|Any CPU.Build.0 = Debug|Any CPU
		{094B2391-CB6B-4773-B340-1D8067A0504A}.Release|Any CPU.ActiveCfg = Release|Any CPU
		{094B2391-CB6B-4773-B340-1D8067A0504A}.Release|Any CPU.Build.0 = Release|Any CPU
		{46C001E8-14A9-4C70-92E8-6337D7514A87}.Debug|Any CPU.ActiveCfg = Debug|Any CPU
		{46C001E8-14A9-4C70-92E8-6337D7514A87}.Debug|Any CPU.Build.0 = Debug|Any CPU
		{46C001E8-14A9-4C70-92E8-6337D7514A87}.Release|Any CPU.ActiveCfg = Release|Any CPU
		{46C001E8-14A9-4C70-92E8-6337D7514A87}.Release|Any CPU.Build.0 = Release|Any CPU
	EndGlobalSection
	GlobalSection(SolutionProperties) = preSolution
		HideSolutionNode = FALSE
	EndGlobalSection
	GlobalSection(ExtensibilityGlobals) = postSolution
		SolutionGuid = {5FC11679-20CC-4320-8EE3-107D336A3BDE}
	EndGlobalSection
EndGlobal
